
Microsoft Visual Studio Solution File, Format Version 12.00
# Visual Studio Version 16
VisualStudioVersion = 16.0.31424.327
MinimumVisualStudioVersion = 10.0.40219.1
Project("{FAE04EC0-301F-11D3-BF4B-00C04F79EFBC}") = "lab4_master", "lab4_master\lab4_master.csproj", "{F2C15D1E-57C7-42B6-9D9E-F8CB181107DD}"
EndProject
Global
	GlobalSection(SolutionConfigurationPlatforms) = preSolution
		Debug|Any CPU = Debug|Any CPU
		Release|Any CPU = Release|Any CPU
	EndGlobalSection
	GlobalSection(ProjectConfigurationPlatforms) = postSolution
		{F2C15D1E-57C7-42B6-9D9E-F8CB181107DD}.Debug|Any CPU.ActiveCfg = Debug|Any CPU
		{F2C15D1E-57C7-42B6-9D9E-F8CB181107DD}.Debug|Any CPU.Build.0 = Debug|Any CPU
		{F2C15D1E-57C7-42B6-9D9E-F8CB181107DD}.Release|Any CPU.ActiveCfg = Release|Any CPU
		{F2C15D1E-57C7-42B6-9D9E-F8CB181107DD}.Release|Any CPU.Build.0 = Release|Any CPU
	EndGlobalSection
	GlobalSection(SolutionProperties) = preSolution
		HideSolutionNode = FALSE
	EndGlobalSection
	GlobalSection(ExtensibilityGlobals) = postSolution
		SolutionGuid = {1EE44B31-47DF-46FB-80DA-A538FA841D81}
	EndGlobalSection
EndGlobal
